
Microsoft Visual Studio Solution File, Format Version 12.00
Project("{FAE04EC0-301F-11D3-BF4B-00C04F79EFBC}") = "TechCafé.DefaultInterfaceImplementations", "TechCafé.DefaultInterfaceImplementations\TechCafé.DefaultInterfaceImplementations.csproj", "{C588F127-3AE2-46F3-B6EE-13C40127927F}"
EndProject
Project("{FAE04EC0-301F-11D3-BF4B-00C04F79EFBC}") = "TechCafé.SwitchExpressions", "TechCafé.SwitchExpressions\TechCafé.SwitchExpressions.csproj", "{A00A9DE8-C09D-415B-9E24-A971B608286A}"
EndProject
Project("{FAE04EC0-301F-11D3-BF4B-00C04F79EFBC}") = "TechCafé.NullableReferenceTypes", "TechCafé.NullableReferenceTypes\TechCafé.NullableReferenceTypes.csproj", "{0729B274-E823-4A04-9904-1FF0B866DAC7}"
EndProject
Project("{2150E333-8FDC-42A3-9474-1A3956D46DE8}") = "C#8", "C#8", "{F4B1F088-A172-44F1-9F75-96B92551DF83}"
EndProject
Project("{FAE04EC0-301F-11D3-BF4B-00C04F79EFBC}") = "TechCafé.AsyncStreams", "TechCafé.AsyncStreams\TechCafé.AsyncStreams.csproj", "{31BAE491-533F-43CD-B606-665E2CCBD84E}"
EndProject
Project("{FAE04EC0-301F-11D3-BF4B-00C04F79EFBC}") = "TechCafé.Indicies", "TechCafé.Indicies\TechCafé.Indicies.csproj", "{B53F5BB4-06BB-4C51-876A-B4D9C25A37A9}"
EndProject
Project("{2150E333-8FDC-42A3-9474-1A3956D46DE8}") = "Minor", "Minor", "{01D709FF-2DF8-447B-8E8E-F0CF5E136C0D}"
EndProject
Project("{2150E333-8FDC-42A3-9474-1A3956D46DE8}") = "Major", "Major", "{24DE1B0B-AE9F-4EBE-B346-2F3D868AFC41}"
EndProject
Project("{FAE04EC0-301F-11D3-BF4B-00C04F79EFBC}") = "TechCafé.Usings", "TechCafé.Usings\TechCafé.Usings.csproj", "{66668A01-2F71-4984-ACEB-BF64825A5891}"
EndProject
Project("{FAE04EC0-301F-11D3-BF4B-00C04F79EFBC}") = "TechCafé.NullCoalescingAssignment", "TechCafé.NullCoalescingAssignment\TechCafé.NullCoalescingAssignment.csproj", "{FB7D8EE9-CC7B-415F-B3BF-ADD3C484B38A}"
EndProject
Project("{2150E333-8FDC-42A3-9474-1A3956D46DE8}") = "C#9", "C#9", "{A314BB32-F7A3-42F4-8E7D-6DEFBC952C0C}"
EndProject
Project("{2150E333-8FDC-42A3-9474-1A3956D46DE8}") = "Major", "Major", "{CDC7AC6B-49AC-41BD-A159-42539A584F85}"
EndProject
Project("{2150E333-8FDC-42A3-9474-1A3956D46DE8}") = "Minor", "Minor", "{D38606C1-8A6F-4E26-906F-200AD12EFDBE}"
EndProject
Project("{FAE04EC0-301F-11D3-BF4B-00C04F79EFBC}") = "TechCafé.RecordTypes", "TechCafé.RecordTypes\TechCafé.RecordTypes.csproj", "{F852C8FB-4307-4451-A50F-88B4992A2F10}"
EndProject
Project("{FAE04EC0-301F-11D3-BF4B-00C04F79EFBC}") = "TechCafé.TopLevelStatements", "TechCafé.TopLevelStatements\TechCafé.TopLevelStatements.csproj", "{5FFA4C6E-9380-4193-BD80-7837F7BB5730}"
EndProject
Project("{FAE04EC0-301F-11D3-BF4B-00C04F79EFBC}") = "TechCafé.PatternMatching", "TechCafé.PatternMatching\TechCafé.PatternMatching.csproj", "{82794778-F2CB-435B-B981-BD566C71B52A}"
EndProject
Project("{FAE04EC0-301F-11D3-BF4B-00C04F79EFBC}") = "TechCafé.StaticLambda", "TechCafé.StaticLambda\TechCafé.StaticLambda.csproj", "{69705DDC-CAF5-4F62-929C-7E17E7472BA9}"
EndProject
Project("{FAE04EC0-301F-11D3-BF4B-00C04F79EFBC}") = "TechCafé.LambdaInput", "TechCafé.LambdaInput\TechCafé.LambdaInput.csproj", "{952C1387-43A5-46C1-97C0-728D92F1A380}"
EndProject
Global
	GlobalSection(SolutionConfigurationPlatforms) = preSolution
		Debug|Any CPU = Debug|Any CPU
		Release|Any CPU = Release|Any CPU
	EndGlobalSection
	GlobalSection(ProjectConfigurationPlatforms) = postSolution
		{C588F127-3AE2-46F3-B6EE-13C40127927F}.Debug|Any CPU.ActiveCfg = Debug|Any CPU
		{C588F127-3AE2-46F3-B6EE-13C40127927F}.Debug|Any CPU.Build.0 = Debug|Any CPU
		{C588F127-3AE2-46F3-B6EE-13C40127927F}.Release|Any CPU.ActiveCfg = Release|Any CPU
		{C588F127-3AE2-46F3-B6EE-13C40127927F}.Release|Any CPU.Build.0 = Release|Any CPU
		{A00A9DE8-C09D-415B-9E24-A971B608286A}.Debug|Any CPU.ActiveCfg = Debug|Any CPU
		{A00A9DE8-C09D-415B-9E24-A971B608286A}.Debug|Any CPU.Build.0 = Debug|Any CPU
		{A00A9DE8-C09D-415B-9E24-A971B608286A}.Release|Any CPU.ActiveCfg = Release|Any CPU
		{A00A9DE8-C09D-415B-9E24-A971B608286A}.Release|Any CPU.Build.0 = Release|Any CPU
		{0729B274-E823-4A04-9904-1FF0B866DAC7}.Debug|Any CPU.ActiveCfg = Debug|Any CPU
		{0729B274-E823-4A04-9904-1FF0B866DAC7}.Debug|Any CPU.Build.0 = Debug|Any CPU
		{0729B274-E823-4A04-9904-1FF0B866DAC7}.Release|Any CPU.ActiveCfg = Release|Any CPU
		{0729B274-E823-4A04-9904-1FF0B866DAC7}.Release|Any CPU.Build.0 = Release|Any CPU
		{31BAE491-533F-43CD-B606-665E2CCBD84E}.Debug|Any CPU.ActiveCfg = Debug|Any CPU
		{31BAE491-533F-43CD-B606-665E2CCBD84E}.Debug|Any CPU.Build.0 = Debug|Any CPU
		{31BAE491-533F-43CD-B606-665E2CCBD84E}.Release|Any CPU.ActiveCfg = Release|Any CPU
		{31BAE491-533F-43CD-B606-665E2CCBD84E}.Release|Any CPU.Build.0 = Release|Any CPU
		{B53F5BB4-06BB-4C51-876A-B4D9C25A37A9}.Debug|Any CPU.ActiveCfg = Debug|Any CPU
		{B53F5BB4-06BB-4C51-876A-B4D9C25A37A9}.Debug|Any CPU.Build.0 = Debug|Any CPU
		{B53F5BB4-06BB-4C51-876A-B4D9C25A37A9}.Release|Any CPU.ActiveCfg = Release|Any CPU
		{B53F5BB4-06BB-4C51-876A-B4D9C25A37A9}.Release|Any CPU.Build.0 = Release|Any CPU
		{66668A01-2F71-4984-ACEB-BF64825A5891}.Debug|Any CPU.ActiveCfg = Debug|Any CPU
		{66668A01-2F71-4984-ACEB-BF64825A5891}.Debug|Any CPU.Build.0 = Debug|Any CPU
		{66668A01-2F71-4984-ACEB-BF64825A5891}.Release|Any CPU.ActiveCfg = Release|Any CPU
		{66668A01-2F71-4984-ACEB-BF64825A5891}.Release|Any CPU.Build.0 = Release|Any CPU
		{FB7D8EE9-CC7B-415F-B3BF-ADD3C484B38A}.Debug|Any CPU.ActiveCfg = Debug|Any CPU
		{FB7D8EE9-CC7B-415F-B3BF-ADD3C484B38A}.Debug|Any CPU.Build.0 = Debug|Any CPU
		{FB7D8EE9-CC7B-415F-B3BF-ADD3C484B38A}.Release|Any CPU.ActiveCfg = Release|Any CPU
		{FB7D8EE9-CC7B-415F-B3BF-ADD3C484B38A}.Release|Any CPU.Build.0 = Release|Any CPU
		{F852C8FB-4307-4451-A50F-88B4992A2F10}.Debug|Any CPU.ActiveCfg = Debug|Any CPU
		{F852C8FB-4307-4451-A50F-88B4992A2F10}.Debug|Any CPU.Build.0 = Debug|Any CPU
		{F852C8FB-4307-4451-A50F-88B4992A2F10}.Release|Any CPU.ActiveCfg = Release|Any CPU
		{F852C8FB-4307-4451-A50F-88B4992A2F10}.Release|Any CPU.Build.0 = Release|Any CPU
		{5FFA4C6E-9380-4193-BD80-7837F7BB5730}.Debug|Any CPU.ActiveCfg = Debug|Any CPU
		{5FFA4C6E-9380-4193-BD80-7837F7BB5730}.Debug|Any CPU.Build.0 = Debug|Any CPU
		{5FFA4C6E-9380-4193-BD80-7837F7BB5730}.Release|Any CPU.ActiveCfg = Release|Any CPU
		{5FFA4C6E-9380-4193-BD80-7837F7BB5730}.Release|Any CPU.Build.0 = Release|Any CPU
		{82794778-F2CB-435B-B981-BD566C71B52A}.Debug|Any CPU.ActiveCfg = Debug|Any CPU
		{82794778-F2CB-435B-B981-BD566C71B52A}.Debug|Any CPU.Build.0 = Debug|Any CPU
		{82794778-F2CB-435B-B981-BD566C71B52A}.Release|Any CPU.ActiveCfg = Release|Any CPU
		{82794778-F2CB-435B-B981-BD566C71B52A}.Release|Any CPU.Build.0 = Release|Any CPU
		{69705DDC-CAF5-4F62-929C-7E17E7472BA9}.Debug|Any CPU.ActiveCfg = Debug|Any CPU
		{69705DDC-CAF5-4F62-929C-7E17E7472BA9}.Debug|Any CPU.Build.0 = Debug|Any CPU
		{69705DDC-CAF5-4F62-929C-7E17E7472BA9}.Release|Any CPU.ActiveCfg = Release|Any CPU
		{69705DDC-CAF5-4F62-929C-7E17E7472BA9}.Release|Any CPU.Build.0 = Release|Any CPU
		{952C1387-43A5-46C1-97C0-728D92F1A380}.Debug|Any CPU.ActiveCfg = Debug|Any CPU
		{952C1387-43A5-46C1-97C0-728D92F1A380}.Debug|Any CPU.Build.0 = Debug|Any CPU
		{952C1387-43A5-46C1-97C0-728D92F1A380}.Release|Any CPU.ActiveCfg = Release|Any CPU
		{952C1387-43A5-46C1-97C0-728D92F1A380}.Release|Any CPU.Build.0 = Release|Any CPU
	EndGlobalSection
	GlobalSection(NestedProjects) = preSolution
		{01D709FF-2DF8-447B-8E8E-F0CF5E136C0D} = {F4B1F088-A172-44F1-9F75-96B92551DF83}
		{24DE1B0B-AE9F-4EBE-B346-2F3D868AFC41} = {F4B1F088-A172-44F1-9F75-96B92551DF83}
		{31BAE491-533F-43CD-B606-665E2CCBD84E} = {24DE1B0B-AE9F-4EBE-B346-2F3D868AFC41}
		{0729B274-E823-4A04-9904-1FF0B866DAC7} = {24DE1B0B-AE9F-4EBE-B346-2F3D868AFC41}
		{C588F127-3AE2-46F3-B6EE-13C40127927F} = {01D709FF-2DF8-447B-8E8E-F0CF5E136C0D}
		{B53F5BB4-06BB-4C51-876A-B4D9C25A37A9} = {01D709FF-2DF8-447B-8E8E-F0CF5E136C0D}
		{A00A9DE8-C09D-415B-9E24-A971B608286A} = {01D709FF-2DF8-447B-8E8E-F0CF5E136C0D}
		{66668A01-2F71-4984-ACEB-BF64825A5891} = {01D709FF-2DF8-447B-8E8E-F0CF5E136C0D}
		{FB7D8EE9-CC7B-415F-B3BF-ADD3C484B38A} = {01D709FF-2DF8-447B-8E8E-F0CF5E136C0D}
		{CDC7AC6B-49AC-41BD-A159-42539A584F85} = {A314BB32-F7A3-42F4-8E7D-6DEFBC952C0C}
		{D38606C1-8A6F-4E26-906F-200AD12EFDBE} = {A314BB32-F7A3-42F4-8E7D-6DEFBC952C0C}
		{F852C8FB-4307-4451-A50F-88B4992A2F10} = {CDC7AC6B-49AC-41BD-A159-42539A584F85}
		{5FFA4C6E-9380-4193-BD80-7837F7BB5730} = {CDC7AC6B-49AC-41BD-A159-42539A584F85}
		{82794778-F2CB-435B-B981-BD566C71B52A} = {CDC7AC6B-49AC-41BD-A159-42539A584F85}
		{69705DDC-CAF5-4F62-929C-7E17E7472BA9} = {D38606C1-8A6F-4E26-906F-200AD12EFDBE}
		{952C1387-43A5-46C1-97C0-728D92F1A380} = {D38606C1-8A6F-4E26-906F-200AD12EFDBE}
	EndGlobalSection
EndGlobal
